// !$*UTF8*$!
{
	archiveVersion = 1;
	classes = {
	};
	objectVersion = 46;
	objects = {

/* Begin PBXBuildFile section */
		D9A7BE821EB032D800833D1D /* main.m in Sources */ = {isa = PBXBuildFile; fileRef = D9A7BE811EB032D800833D1D /* main.m */; };
		D9A7BE851EB032D800833D1D /* AppDelegate.m in Sources */ = {isa = PBXBuildFile; fileRef = D9A7BE841EB032D800833D1D /* AppDelegate.m */; };
		D9A7BE881EB032D800833D1D /* ViewController.m in Sources */ = {isa = PBXBuildFile; fileRef = D9A7BE871EB032D800833D1D /* ViewController.m */; };
		D9A7BE8B1EB032D800833D1D /* Main.storyboard in Resources */ = {isa = PBXBuildFile; fileRef = D9A7BE891EB032D800833D1D /* Main.storyboard */; };
		D9A7BE8D1EB032D800833D1D /* Assets.xcassets in Resources */ = {isa = PBXBuildFile; fileRef = D9A7BE8C1EB032D800833D1D /* Assets.xcassets */; };
		D9A7BE901EB032D800833D1D /* LaunchScreen.storyboard in Resources */ = {isa = PBXBuildFile; fileRef = D9A7BE8E1EB032D800833D1D /* LaunchScreen.storyboard */; };
		D9A7BE9B1EB032D800833D1D /* TableViewNoContentViewTests.m in Sources */ = {isa = PBXBuildFile; fileRef = D9A7BE9A1EB032D800833D1D /* TableViewNoContentViewTests.m */; };
		D9A7BEA61EB032D800833D1D /* TableViewNoContentViewUITests.m in Sources */ = {isa = PBXBuildFile; fileRef = D9A7BEA51EB032D800833D1D /* TableViewNoContentViewUITests.m */; };
		D9A7BEB51EB0331400833D1D /* BaseTableView.m in Sources */ = {isa = PBXBuildFile; fileRef = D9A7BEB41EB0331400833D1D /* BaseTableView.m */; };
		D9A7BEB91EB0336E00833D1D /* NoContentView.m in Sources */ = {isa = PBXBuildFile; fileRef = D9A7BEB81EB0336E00833D1D /* NoContentView.m */; };
		D9A7BF091EB033AF00833D1D /* LICENSE in Resources */ = {isa = PBXBuildFile; fileRef = D9A7BEBC1EB033AF00833D1D /* LICENSE */; };
		D9A7BF0A1EB033AF00833D1D /* MASCompositeConstraint.m in Sources */ = {isa = PBXBuildFile; fileRef = D9A7BEBF1EB033AF00833D1D /* MASCompositeConstraint.m */; };
		D9A7BF0B1EB033AF00833D1D /* MASConstraint.m in Sources */ = {isa = PBXBuildFile; fileRef = D9A7BEC21EB033AF00833D1D /* MASConstraint.m */; };
		D9A7BF0C1EB033AF00833D1D /* MASConstraintMaker.m in Sources */ = {isa = PBXBuildFile; fileRef = D9A7BEC41EB033AF00833D1D /* MASConstraintMaker.m */; };
		D9A7BF0D1EB033AF00833D1D /* MASLayoutConstraint.m in Sources */ = {isa = PBXBuildFile; fileRef = D9A7BEC61EB033AF00833D1D /* MASLayoutConstraint.m */; };
		D9A7BF0E1EB033AF00833D1D /* MASViewAttribute.m in Sources */ = {isa = PBXBuildFile; fileRef = D9A7BECA1EB033AF00833D1D /* MASViewAttribute.m */; };
		D9A7BF0F1EB033AF00833D1D /* MASViewConstraint.m in Sources */ = {isa = PBXBuildFile; fileRef = D9A7BECC1EB033AF00833D1D /* MASViewConstraint.m */; };
		D9A7BF101EB033AF00833D1D /* NSArray+MASAdditions.m in Sources */ = {isa = PBXBuildFile; fileRef = D9A7BECE1EB033AF00833D1D /* NSArray+MASAdditions.m */; };
		D9A7BF111EB033AF00833D1D /* NSLayoutConstraint+MASDebugAdditions.m in Sources */ = {isa = PBXBuildFile; fileRef = D9A7BED11EB033AF00833D1D /* NSLayoutConstraint+MASDebugAdditions.m */; };
		D9A7BF121EB033AF00833D1D /* View+MASAdditions.m in Sources */ = {isa = PBXBuildFile; fileRef = D9A7BED31EB033AF00833D1D /* View+MASAdditions.m */; };
		D9A7BF131EB033AF00833D1D /* ViewController+MASAdditions.m in Sources */ = {isa = PBXBuildFile; fileRef = D9A7BED61EB033AF00833D1D /* ViewController+MASAdditions.m */; };
		D9A7BF141EB033AF00833D1D /* README.md in Sources */ = {isa = PBXBuildFile; fileRef = D9A7BED71EB033AF00833D1D /* README.md */; };
		D9A7BF151EB033AF00833D1D /* MJRefreshAutoFooter.m in Sources */ = {isa = PBXBuildFile; fileRef = D9A7BEDB1EB033AF00833D1D /* MJRefreshAutoFooter.m */; };
		D9A7BF161EB033AF00833D1D /* MJRefreshBackFooter.m in Sources */ = {isa = PBXBuildFile; fileRef = D9A7BEDD1EB033AF00833D1D /* MJRefreshBackFooter.m */; };
		D9A7BF171EB033AF00833D1D /* MJRefreshComponent.m in Sources */ = {isa = PBXBuildFile; fileRef = D9A7BEDF1EB033AF00833D1D /* MJRefreshComponent.m */; };
		D9A7BF181EB033AF00833D1D /* MJRefreshFooter.m in Sources */ = {isa = PBXBuildFile; fileRef = D9A7BEE11EB033AF00833D1D /* MJRefreshFooter.m */; };
		D9A7BF191EB033AF00833D1D /* MJRefreshHeader.m in Sources */ = {isa = PBXBuildFile; fileRef = D9A7BEE31EB033AF00833D1D /* MJRefreshHeader.m */; };
		D9A7BF1A1EB033AF00833D1D /* MJRefreshAutoGifFooter.m in Sources */ = {isa = PBXBuildFile; fileRef = D9A7BEE81EB033AF00833D1D /* MJRefreshAutoGifFooter.m */; };
		D9A7BF1B1EB033AF00833D1D /* MJRefreshAutoNormalFooter.m in Sources */ = {isa = PBXBuildFile; fileRef = D9A7BEEA1EB033AF00833D1D /* MJRefreshAutoNormalFooter.m */; };
		D9A7BF1C1EB033AF00833D1D /* MJRefreshAutoStateFooter.m in Sources */ = {isa = PBXBuildFile; fileRef = D9A7BEEC1EB033AF00833D1D /* MJRefreshAutoStateFooter.m */; };
		D9A7BF1D1EB033AF00833D1D /* MJRefreshBackGifFooter.m in Sources */ = {isa = PBXBuildFile; fileRef = D9A7BEEF1EB033AF00833D1D /* MJRefreshBackGifFooter.m */; };
		D9A7BF1E1EB033AF00833D1D /* MJRefreshBackNormalFooter.m in Sources */ = {isa = PBXBuildFile; fileRef = D9A7BEF11EB033AF00833D1D /* MJRefreshBackNormalFooter.m */; };
		D9A7BF1F1EB033AF00833D1D /* MJRefreshBackStateFooter.m in Sources */ = {isa = PBXBuildFile; fileRef = D9A7BEF31EB033AF00833D1D /* MJRefreshBackStateFooter.m */; };
		D9A7BF201EB033AF00833D1D /* MJRefreshGifHeader.m in Sources */ = {isa = PBXBuildFile; fileRef = D9A7BEF61EB033AF00833D1D /* MJRefreshGifHeader.m */; };
		D9A7BF211EB033AF00833D1D /* MJRefreshNormalHeader.m in Sources */ = {isa = PBXBuildFile; fileRef = D9A7BEF81EB033AF00833D1D /* MJRefreshNormalHeader.m */; };
		D9A7BF221EB033AF00833D1D /* MJRefreshStateHeader.m in Sources */ = {isa = PBXBuildFile; fileRef = D9A7BEFA1EB033AF00833D1D /* MJRefreshStateHeader.m */; };
		D9A7BF231EB033AF00833D1D /* MJRefresh.bundle in Resources */ = {isa = PBXBuildFile; fileRef = D9A7BEFB1EB033AF00833D1D /* MJRefresh.bundle */; };
		D9A7BF241EB033AF00833D1D /* MJRefreshConst.m in Sources */ = {isa = PBXBuildFile; fileRef = D9A7BEFE1EB033AF00833D1D /* MJRefreshConst.m */; };
		D9A7BF251EB033AF00833D1D /* UIScrollView+MJExtension.m in Sources */ = {isa = PBXBuildFile; fileRef = D9A7BF001EB033AF00833D1D /* UIScrollView+MJExtension.m */; };
		D9A7BF261EB033AF00833D1D /* UIScrollView+MJRefresh.m in Sources */ = {isa = PBXBuildFile; fileRef = D9A7BF021EB033AF00833D1D /* UIScrollView+MJRefresh.m */; };
		D9A7BF271EB033AF00833D1D /* UIView+MJExtension.m in Sources */ = {isa = PBXBuildFile; fileRef = D9A7BF041EB033AF00833D1D /* UIView+MJExtension.m */; };
		D9A7BF281EB033AF00833D1D /* UIColor+Util.m in Sources */ = {isa = PBXBuildFile; fileRef = D9A7BF061EB033AF00833D1D /* UIColor+Util.m */; };
		D9A7BF291EB033AF00833D1D /* UIView+frameAdjust.m in Sources */ = {isa = PBXBuildFile; fileRef = D9A7BF081EB033AF00833D1D /* UIView+frameAdjust.m */; };
		D9A7BF2C1EB0366500833D1D /* MyTableView.m in Sources */ = {isa = PBXBuildFile; fileRef = D9A7BF2B1EB0366500833D1D /* MyTableView.m */; };
		D9A7BFCB1EB0B01000833D1D /* SVIndefiniteAnimatedView.m in Sources */ = {isa = PBXBuildFile; fileRef = D9A7BFC21EB0B01000833D1D /* SVIndefiniteAnimatedView.m */; };
		D9A7BFCC1EB0B01000833D1D /* SVProgressAnimatedView.m in Sources */ = {isa = PBXBuildFile; fileRef = D9A7BFC41EB0B01000833D1D /* SVProgressAnimatedView.m */; };
		D9A7BFCD1EB0B01000833D1D /* SVProgressHUD.bundle in Resources */ = {isa = PBXBuildFile; fileRef = D9A7BFC61EB0B01000833D1D /* SVProgressHUD.bundle */; };
		D9A7BFCE1EB0B01000833D1D /* SVProgressHUD.m in Sources */ = {isa = PBXBuildFile; fileRef = D9A7BFC81EB0B01000833D1D /* SVProgressHUD.m */; };
		D9A7BFCF1EB0B01000833D1D /* SVRadialGradientLayer.m in Sources */ = {isa = PBXBuildFile; fileRef = D9A7BFCA1EB0B01000833D1D /* SVRadialGradientLayer.m */; };
/* End PBXBuildFile section */

/* Begin PBXContainerItemProxy section */
		D9A7BE971EB032D800833D1D /* PBXContainerItemProxy */ = {
			isa = PBXContainerItemProxy;
			containerPortal = D9A7BE751EB032D800833D1D /* Project object */;
			proxyType = 1;
			remoteGlobalIDString = D9A7BE7C1EB032D800833D1D;
			remoteInfo = TableViewNoContentView;
		};
		D9A7BEA21EB032D800833D1D /* PBXContainerItemProxy */ = {
			isa = PBXContainerItemProxy;
			containerPortal = D9A7BE751EB032D800833D1D /* Project object */;
			proxyType = 1;
			remoteGlobalIDString = D9A7BE7C1EB032D800833D1D;
			remoteInfo = TableViewNoContentView;
		};
/* End PBXContainerItemProxy section */

/* Begin PBXFileReference section */
		D9A7BE7D1EB032D800833D1D /* TableViewNoContentView.app */ = {isa = PBXFileReference; explicitFileType = wrapper.application; includeInIndex = 0; path = TableViewNoContentView.app; sourceTree = BUILT_PRODUCTS_DIR; };
		D9A7BE811EB032D800833D1D /* main.m */ = {isa = PBXFileReference; lastKnownFileType = sourcecode.c.objc; path = main.m; sourceTree = "<group>"; };
		D9A7BE831EB032D800833D1D /* AppDelegate.h */ = {isa = PBXFileReference; lastKnownFileType = sourcecode.c.h; path = AppDelegate.h; sourceTree = "<group>"; };
		D9A7BE841EB032D800833D1D /* AppDelegate.m */ = {isa = PBXFileReference; lastKnownFileType = sourcecode.c.objc; path = AppDelegate.m; sourceTree = "<group>"; };
		D9A7BE861EB032D800833D1D /* ViewController.h */ = {isa = PBXFileReference; lastKnownFileType = sourcecode.c.h; path = ViewController.h; sourceTree = "<group>"; };
		D9A7BE871EB032D800833D1D /* ViewController.m */ = {isa = PBXFileReference; lastKnownFileType = sourcecode.c.objc; path = ViewController.m; sourceTree = "<group>"; };
		D9A7BE8A1EB032D800833D1D /* Base */ = {isa = PBXFileReference; lastKnownFileType = file.storyboard; name = Base; path = Base.lproj/Main.storyboard; sourceTree = "<group>"; };
		D9A7BE8C1EB032D800833D1D /* Assets.xcassets */ = {isa = PBXFileReference; lastKnownFileType = folder.assetcatalog; path = Assets.xcassets; sourceTree = "<group>"; };
		D9A7BE8F1EB032D800833D1D /* Base */ = {isa = PBXFileReference; lastKnownFileType = file.storyboard; name = Base; path = Base.lproj/LaunchScreen.storyboard; sourceTree = "<group>"; };
		D9A7BE911EB032D800833D1D /* Info.plist */ = {isa = PBXFileReference; lastKnownFileType = text.plist.xml; path = Info.plist; sourceTree = "<group>"; };
		D9A7BE961EB032D800833D1D /* TableViewNoContentViewTests.xctest */ = {isa = PBXFileReference; explicitFileType = wrapper.cfbundle; includeInIndex = 0; path = TableViewNoContentViewTests.xctest; sourceTree = BUILT_PRODUCTS_DIR; };
		D9A7BE9A1EB032D800833D1D /* TableViewNoContentViewTests.m */ = {isa = PBXFileReference; lastKnownFileType = sourcecode.c.objc; path = TableViewNoContentViewTests.m; sourceTree = "<group>"; };
		D9A7BE9C1EB032D800833D1D /* Info.plist */ = {isa = PBXFileReference; lastKnownFileType = text.plist.xml; path = Info.plist; sourceTree = "<group>"; };
		D9A7BEA11EB032D800833D1D /* TableViewNoContentViewUITests.xctest */ = {isa = PBXFileReference; explicitFileType = wrapper.cfbundle; includeInIndex = 0; path = TableViewNoContentViewUITests.xctest; sourceTree = BUILT_PRODUCTS_DIR; };
		D9A7BEA51EB032D800833D1D /* TableViewNoContentViewUITests.m */ = {isa = PBXFileReference; lastKnownFileType = sourcecode.c.objc; path = TableViewNoContentViewUITests.m; sourceTree = "<group>"; };
		D9A7BEA71EB032D800833D1D /* Info.plist */ = {isa = PBXFileReference; lastKnownFileType = text.plist.xml; path = Info.plist; sourceTree = "<group>"; };
		D9A7BEB31EB0331400833D1D /* BaseTableView.h */ = {isa = PBXFileReference; fileEncoding = 4; lastKnownFileType = sourcecode.c.h; path = BaseTableView.h; sourceTree = "<group>"; };
		D9A7BEB41EB0331400833D1D /* BaseTableView.m */ = {isa = PBXFileReference; fileEncoding = 4; lastKnownFileType = sourcecode.c.objc; path = BaseTableView.m; sourceTree = "<group>"; };
		D9A7BEB71EB0336E00833D1D /* NoContentView.h */ = {isa = PBXFileReference; fileEncoding = 4; lastKnownFileType = sourcecode.c.h; path = NoContentView.h; sourceTree = "<group>"; };
		D9A7BEB81EB0336E00833D1D /* NoContentView.m */ = {isa = PBXFileReference; fileEncoding = 4; lastKnownFileType = sourcecode.c.objc; path = NoContentView.m; sourceTree = "<group>"; };
		D9A7BEBC1EB033AF00833D1D /* LICENSE */ = {isa = PBXFileReference; fileEncoding = 4; lastKnownFileType = text; path = LICENSE; sourceTree = "<group>"; };
		D9A7BEBE1EB033AF00833D1D /* MASCompositeConstraint.h */ = {isa = PBXFileReference; fileEncoding = 4; lastKnownFileType = sourcecode.c.h; path = MASCompositeConstraint.h; sourceTree = "<group>"; };
		D9A7BEBF1EB033AF00833D1D /* MASCompositeConstraint.m */ = {isa = PBXFileReference; fileEncoding = 4; lastKnownFileType = sourcecode.c.objc; path = MASCompositeConstraint.m; sourceTree = "<group>"; };
		D9A7BEC01EB033AF00833D1D /* MASConstraint+Private.h */ = {isa = PBXFileReference; fileEncoding = 4; lastKnownFileType = sourcecode.c.h; path = "MASConstraint+Private.h"; sourceTree = "<group>"; };
		D9A7BEC11EB033AF00833D1D /* MASConstraint.h */ = {isa = PBXFileReference; fileEncoding = 4; lastKnownFileType = sourcecode.c.h; path = MASConstraint.h; sourceTree = "<group>"; };
		D9A7BEC21EB033AF00833D1D /* MASConstraint.m */ = {isa = PBXFileReference; fileEncoding = 4; lastKnownFileType = sourcecode.c.objc; path = MASConstraint.m; sourceTree = "<group>"; };
		D9A7BEC31EB033AF00833D1D /* MASConstraintMaker.h */ = {isa = PBXFileReference; fileEncoding = 4; lastKnownFileType = sourcecode.c.h; path = MASConstraintMaker.h; sourceTree = "<group>"; };
		D9A7BEC41EB033AF00833D1D /* MASConstraintMaker.m */ = {isa = PBXFileReference; fileEncoding = 4; lastKnownFileType = sourcecode.c.objc; path = MASConstraintMaker.m; sourceTree = "<group>"; };
		D9A7BEC51EB033AF00833D1D /* MASLayoutConstraint.h */ = {isa = PBXFileReference; fileEncoding = 4; lastKnownFileType = sourcecode.c.h; path = MASLayoutConstraint.h; sourceTree = "<group>"; };
		D9A7BEC61EB033AF00833D1D /* MASLayoutConstraint.m */ = {isa = PBXFileReference; fileEncoding = 4; lastKnownFileType = sourcecode.c.objc; path = MASLayoutConstraint.m; sourceTree = "<group>"; };
		D9A7BEC71EB033AF00833D1D /* Masonry.h */ = {isa = PBXFileReference; fileEncoding = 4; lastKnownFileType = sourcecode.c.h; path = Masonry.h; sourceTree = "<group>"; };
		D9A7BEC81EB033AF00833D1D /* MASUtilities.h */ = {isa = PBXFileReference; fileEncoding = 4; lastKnownFileType = sourcecode.c.h; path = MASUtilities.h; sourceTree = "<group>"; };
		D9A7BEC91EB033AF00833D1D /* MASViewAttribute.h */ = {isa = PBXFileReference; fileEncoding = 4; lastKnownFileType = sourcecode.c.h; path = MASViewAttribute.h; sourceTree = "<group>"; };
		D9A7BECA1EB033AF00833D1D /* MASViewAttribute.m */ = {isa = PBXFileReference; fileEncoding = 4; lastKnownFileType = sourcecode.c.objc; path = MASViewAttribute.m; sourceTree = "<group>"; };
		D9A7BECB1EB033AF00833D1D /* MASViewConstraint.h */ = {isa = PBXFileReference; fileEncoding = 4; lastKnownFileType = sourcecode.c.h; path = MASViewConstraint.h; sourceTree = "<group>"; };
		D9A7BECC1EB033AF00833D1D /* MASViewConstraint.m */ = {isa = PBXFileReference; fileEncoding = 4; lastKnownFileType = sourcecode.c.objc; path = MASViewConstraint.m; sourceTree = "<group>"; };
		D9A7BECD1EB033AF00833D1D /* NSArray+MASAdditions.h */ = {isa = PBXFileReference; fileEncoding = 4; lastKnownFileType = sourcecode.c.h; path = "NSArray+MASAdditions.h"; sourceTree = "<group>"; };
		D9A7BECE1EB033AF00833D1D /* NSArray+MASAdditions.m */ = {isa = PBXFileReference; fileEncoding = 4; lastKnownFileType = sourcecode.c.objc; path = "NSArray+MASAdditions.m"; sourceTree = "<group>"; };
		D9A7BECF1EB033AF00833D1D /* NSArray+MASShorthandAdditions.h */ = {isa = PBXFileReference; fileEncoding = 4; lastKnownFileType = sourcecode.c.h; path = "NSArray+MASShorthandAdditions.h"; sourceTree = "<group>"; };
		D9A7BED01EB033AF00833D1D /* NSLayoutConstraint+MASDebugAdditions.h */ = {isa = PBXFileReference; fileEncoding = 4; lastKnownFileType = sourcecode.c.h; path = "NSLayoutConstraint+MASDebugAdditions.h"; sourceTree = "<group>"; };
		D9A7BED11EB033AF00833D1D /* NSLayoutConstraint+MASDebugAdditions.m */ = {isa = PBXFileReference; fileEncoding = 4; lastKnownFileType = sourcecode.c.objc; path = "NSLayoutConstraint+MASDebugAdditions.m"; sourceTree = "<group>"; };
		D9A7BED21EB033AF00833D1D /* View+MASAdditions.h */ = {isa = PBXFileReference; fileEncoding = 4; lastKnownFileType = sourcecode.c.h; path = "View+MASAdditions.h"; sourceTree = "<group>"; };
		D9A7BED31EB033AF00833D1D /* View+MASAdditions.m */ = {isa = PBXFileReference; fileEncoding = 4; lastKnownFileType = sourcecode.c.objc; path = "View+MASAdditions.m"; sourceTree = "<group>"; };
		D9A7BED41EB033AF00833D1D /* View+MASShorthandAdditions.h */ = {isa = PBXFileReference; fileEncoding = 4; lastKnownFileType = sourcecode.c.h; path = "View+MASShorthandAdditions.h"; sourceTree = "<group>"; };
		D9A7BED51EB033AF00833D1D /* ViewController+MASAdditions.h */ = {isa = PBXFileReference; fileEncoding = 4; lastKnownFileType = sourcecode.c.h; path = "ViewController+MASAdditions.h"; sourceTree = "<group>"; };
		D9A7BED61EB033AF00833D1D /* ViewController+MASAdditions.m */ = {isa = PBXFileReference; fileEncoding = 4; lastKnownFileType = sourcecode.c.objc; path = "ViewController+MASAdditions.m"; sourceTree = "<group>"; };
		D9A7BED71EB033AF00833D1D /* README.md */ = {isa = PBXFileReference; fileEncoding = 4; lastKnownFileType = net.daringfireball.markdown; path = README.md; sourceTree = "<group>"; };
		D9A7BEDA1EB033AF00833D1D /* MJRefreshAutoFooter.h */ = {isa = PBXFileReference; fileEncoding = 4; lastKnownFileType = sourcecode.c.h; path = MJRefreshAutoFooter.h; sourceTree = "<group>"; };
		D9A7BEDB1EB033AF00833D1D /* MJRefreshAutoFooter.m */ = {isa = PBXFileReference; fileEncoding = 4; lastKnownFileType = sourcecode.c.objc; path = MJRefreshAutoFooter.m; sourceTree = "<group>"; };
		D9A7BEDC1EB033AF00833D1D /* MJRefreshBackFooter.h */ = {isa = PBXFileReference; fileEncoding = 4; lastKnownFileType = sourcecode.c.h; path = MJRefreshBackFooter.h; sourceTree = "<group>"; };
		D9A7BEDD1EB033AF00833D1D /* MJRefreshBackFooter.m */ = {isa = PBXFileReference; fileEncoding = 4; lastKnownFileType = sourcecode.c.objc; path = MJRefreshBackFooter.m; sourceTree = "<group>"; };
		D9A7BEDE1EB033AF00833D1D /* MJRefreshComponent.h */ = {isa = PBXFileReference; fileEncoding = 4; lastKnownFileType = sourcecode.c.h; path = MJRefreshComponent.h; sourceTree = "<group>"; };
		D9A7BEDF1EB033AF00833D1D /* MJRefreshComponent.m */ = {isa = PBXFileReference; fileEncoding = 4; lastKnownFileType = sourcecode.c.objc; path = MJRefreshComponent.m; sourceTree = "<group>"; };
		D9A7BEE01EB033AF00833D1D /* MJRefreshFooter.h */ = {isa = PBXFileReference; fileEncoding = 4; lastKnownFileType = sourcecode.c.h; path = MJRefreshFooter.h; sourceTree = "<group>"; };
		D9A7BEE11EB033AF00833D1D /* MJRefreshFooter.m */ = {isa = PBXFileReference; fileEncoding = 4; lastKnownFileType = sourcecode.c.objc; path = MJRefreshFooter.m; sourceTree = "<group>"; };
		D9A7BEE21EB033AF00833D1D /* MJRefreshHeader.h */ = {isa = PBXFileReference; fileEncoding = 4; lastKnownFileType = sourcecode.c.h; path = MJRefreshHeader.h; sourceTree = "<group>"; };
		D9A7BEE31EB033AF00833D1D /* MJRefreshHeader.m */ = {isa = PBXFileReference; fileEncoding = 4; lastKnownFileType = sourcecode.c.objc; path = MJRefreshHeader.m; sourceTree = "<group>"; };
		D9A7BEE71EB033AF00833D1D /* MJRefreshAutoGifFooter.h */ = {isa = PBXFileReference; fileEncoding = 4; lastKnownFileType = sourcecode.c.h; path = MJRefreshAutoGifFooter.h; sourceTree = "<group>"; };
		D9A7BEE81EB033AF00833D1D /* MJRefreshAutoGifFooter.m */ = {isa = PBXFileReference; fileEncoding = 4; lastKnownFileType = sourcecode.c.objc; path = MJRefreshAutoGifFooter.m; sourceTree = "<group>"; };
		D9A7BEE91EB033AF00833D1D /* MJRefreshAutoNormalFooter.h */ = {isa = PBXFileReference; fileEncoding = 4; lastKnownFileType = sourcecode.c.h; path = MJRefreshAutoNormalFooter.h; sourceTree = "<group>"; };
		D9A7BEEA1EB033AF00833D1D /* MJRefreshAutoNormalFooter.m */ = {isa = PBXFileReference; fileEncoding = 4; lastKnownFileType = sourcecode.c.objc; path = MJRefreshAutoNormalFooter.m; sourceTree = "<group>"; };
		D9A7BEEB1EB033AF00833D1D /* MJRefreshAutoStateFooter.h */ = {isa = PBXFileReference; fileEncoding = 4; lastKnownFileType = sourcecode.c.h; path = MJRefreshAutoStateFooter.h; sourceTree = "<group>"; };
		D9A7BEEC1EB033AF00833D1D /* MJRefreshAutoStateFooter.m */ = {isa = PBXFileReference; fileEncoding = 4; lastKnownFileType = sourcecode.c.objc; path = MJRefreshAutoStateFooter.m; sourceTree = "<group>"; };
		D9A7BEEE1EB033AF00833D1D /* MJRefreshBackGifFooter.h */ = {isa = PBXFileReference; fileEncoding = 4; lastKnownFileType = sourcecode.c.h; path = MJRefreshBackGifFooter.h; sourceTree = "<group>"; };
		D9A7BEEF1EB033AF00833D1D /* MJRefreshBackGifFooter.m */ = {isa = PBXFileReference; fileEncoding = 4; lastKnownFileType = sourcecode.c.objc; path = MJRefreshBackGifFooter.m; sourceTree = "<group>"; };
		D9A7BEF01EB033AF00833D1D /* MJRefreshBackNormalFooter.h */ = {isa = PBXFileReference; fileEncoding = 4; lastKnownFileType = sourcecode.c.h; path = MJRefreshBackNormalFooter.h; sourceTree = "<group>"; };
		D9A7BEF11EB033AF00833D1D /* MJRefreshBackNormalFooter.m */ = {isa = PBXFileReference; fileEncoding = 4; lastKnownFileType = sourcecode.c.objc; path = MJRefreshBackNormalFooter.m; sourceTree = "<group>"; };
		D9A7BEF21EB033AF00833D1D /* MJRefreshBackStateFooter.h */ = {isa = PBXFileReference; fileEncoding = 4; lastKnownFileType = sourcecode.c.h; path = MJRefreshBackStateFooter.h; sourceTree = "<group>"; };
		D9A7BEF31EB033AF00833D1D /* MJRefreshBackStateFooter.m */ = {isa = PBXFileReference; fileEncoding = 4; lastKnownFileType = sourcecode.c.objc; path = MJRefreshBackStateFooter.m; sourceTree = "<group>"; };
		D9A7BEF51EB033AF00833D1D /* MJRefreshGifHeader.h */ = {isa = PBXFileReference; fileEncoding = 4; lastKnownFileType = sourcecode.c.h; path = MJRefreshGifHeader.h; sourceTree = "<group>"; };
		D9A7BEF61EB033AF00833D1D /* MJRefreshGifHeader.m */ = {isa = PBXFileReference; fileEncoding = 4; lastKnownFileType = sourcecode.c.objc; path = MJRefreshGifHeader.m; sourceTree = "<group>"; };
		D9A7BEF71EB033AF00833D1D /* MJRefreshNormalHeader.h */ = {isa = PBXFileReference; fileEncoding = 4; lastKnownFileType = sourcecode.c.h; path = MJRefreshNormalHeader.h; sourceTree = "<group>"; };
		D9A7BEF81EB033AF00833D1D /* MJRefreshNormalHeader.m */ = {isa = PBXFileReference; fileEncoding = 4; lastKnownFileType = sourcecode.c.objc; path = MJRefreshNormalHeader.m; sourceTree = "<group>"; };
		D9A7BEF91EB033AF00833D1D /* MJRefreshStateHeader.h */ = {isa = PBXFileReference; fileEncoding = 4; lastKnownFileType = sourcecode.c.h; path = MJRefreshStateHeader.h; sourceTree = "<group>"; };
		D9A7BEFA1EB033AF00833D1D /* MJRefreshStateHeader.m */ = {isa = PBXFileReference; fileEncoding = 4; lastKnownFileType = sourcecode.c.objc; path = MJRefreshStateHeader.m; sourceTree = "<group>"; };
		D9A7BEFB1EB033AF00833D1D /* MJRefresh.bundle */ = {isa = PBXFileReference; lastKnownFileType = "wrapper.plug-in"; path = MJRefresh.bundle; sourceTree = "<group>"; };
		D9A7BEFC1EB033AF00833D1D /* MJRefresh.h */ = {isa = PBXFileReference; fileEncoding = 4; lastKnownFileType = sourcecode.c.h; path = MJRefresh.h; sourceTree = "<group>"; };
		D9A7BEFD1EB033AF00833D1D /* MJRefreshConst.h */ = {isa = PBXFileReference; fileEncoding = 4; lastKnownFileType = sourcecode.c.h; path = MJRefreshConst.h; sourceTree = "<group>"; };
		D9A7BEFE1EB033AF00833D1D /* MJRefreshConst.m */ = {isa = PBXFileReference; fileEncoding = 4; lastKnownFileType = sourcecode.c.objc; path = MJRefreshConst.m; sourceTree = "<group>"; };
		D9A7BEFF1EB033AF00833D1D /* UIScrollView+MJExtension.h */ = {isa = PBXFileReference; fileEncoding = 4; lastKnownFileType = sourcecode.c.h; path = "UIScrollView+MJExtension.h"; sourceTree = "<group>"; };
		D9A7BF001EB033AF00833D1D /* UIScrollView+MJExtension.m */ = {isa = PBXFileReference; fileEncoding = 4; lastKnownFileType = sourcecode.c.objc; path = "UIScrollView+MJExtension.m"; sourceTree = "<group>"; };
		D9A7BF011EB033AF00833D1D /* UIScrollView+MJRefresh.h */ = {isa = PBXFileReference; fileEncoding = 4; lastKnownFileType = sourcecode.c.h; path = "UIScrollView+MJRefresh.h"; sourceTree = "<group>"; };
		D9A7BF021EB033AF00833D1D /* UIScrollView+MJRefresh.m */ = {isa = PBXFileReference; fileEncoding = 4; lastKnownFileType = sourcecode.c.objc; path = "UIScrollView+MJRefresh.m"; sourceTree = "<group>"; };
		D9A7BF031EB033AF00833D1D /* UIView+MJExtension.h */ = {isa = PBXFileReference; fileEncoding = 4; lastKnownFileType = sourcecode.c.h; path = "UIView+MJExtension.h"; sourceTree = "<group>"; };
		D9A7BF041EB033AF00833D1D /* UIView+MJExtension.m */ = {isa = PBXFileReference; fileEncoding = 4; lastKnownFileType = sourcecode.c.objc; path = "UIView+MJExtension.m"; sourceTree = "<group>"; };
		D9A7BF051EB033AF00833D1D /* UIColor+Util.h */ = {isa = PBXFileReference; fileEncoding = 4; lastKnownFileType = sourcecode.c.h; path = "UIColor+Util.h"; sourceTree = "<group>"; };
		D9A7BF061EB033AF00833D1D /* UIColor+Util.m */ = {isa = PBXFileReference; fileEncoding = 4; lastKnownFileType = sourcecode.c.objc; path = "UIColor+Util.m"; sourceTree = "<group>"; };
		D9A7BF071EB033AF00833D1D /* UIView+frameAdjust.h */ = {isa = PBXFileReference; fileEncoding = 4; lastKnownFileType = sourcecode.c.h; path = "UIView+frameAdjust.h"; sourceTree = "<group>"; };
		D9A7BF081EB033AF00833D1D /* UIView+frameAdjust.m */ = {isa = PBXFileReference; fileEncoding = 4; lastKnownFileType = sourcecode.c.objc; path = "UIView+frameAdjust.m"; sourceTree = "<group>"; };
		D9A7BF2A1EB0366500833D1D /* MyTableView.h */ = {isa = PBXFileReference; fileEncoding = 4; lastKnownFileType = sourcecode.c.h; path = MyTableView.h; sourceTree = "<group>"; };
		D9A7BF2B1EB0366500833D1D /* MyTableView.m */ = {isa = PBXFileReference; fileEncoding = 4; lastKnownFileType = sourcecode.c.objc; path = MyTableView.m; sourceTree = "<group>"; };
		D9A7BFC11EB0B01000833D1D /* SVIndefiniteAnimatedView.h */ = {isa = PBXFileReference; fileEncoding = 4; lastKnownFileType = sourcecode.c.h; path = SVIndefiniteAnimatedView.h; sourceTree = "<group>"; };
		D9A7BFC21EB0B01000833D1D /* SVIndefiniteAnimatedView.m */ = {isa = PBXFileReference; fileEncoding = 4; lastKnownFileType = sourcecode.c.objc; path = SVIndefiniteAnimatedView.m; sourceTree = "<group>"; };
		D9A7BFC31EB0B01000833D1D /* SVProgressAnimatedView.h */ = {isa = PBXFileReference; fileEncoding = 4; lastKnownFileType = sourcecode.c.h; path = SVProgressAnimatedView.h; sourceTree = "<group>"; };
		D9A7BFC41EB0B01000833D1D /* SVProgressAnimatedView.m */ = {isa = PBXFileReference; fileEncoding = 4; lastKnownFileType = sourcecode.c.objc; path = SVProgressAnimatedView.m; sourceTree = "<group>"; };
		D9A7BFC51EB0B01000833D1D /* SVProgressHUD-Prefix.pch */ = {isa = PBXFileReference; fileEncoding = 4; lastKnownFileType = sourcecode.c.h; path = "SVProgressHUD-Prefix.pch"; sourceTree = "<group>"; };
		D9A7BFC61EB0B01000833D1D /* SVProgressHUD.bundle */ = {isa = PBXFileReference; lastKnownFileType = "wrapper.plug-in"; path = SVProgressHUD.bundle; sourceTree = "<group>"; };
		D9A7BFC71EB0B01000833D1D /* SVProgressHUD.h */ = {isa = PBXFileReference; fileEncoding = 4; lastKnownFileType = sourcecode.c.h; path = SVProgressHUD.h; sourceTree = "<group>"; };
		D9A7BFC81EB0B01000833D1D /* SVProgressHUD.m */ = {isa = PBXFileReference; fileEncoding = 4; lastKnownFileType = sourcecode.c.objc; path = SVProgressHUD.m; sourceTree = "<group>"; };
		D9A7BFC91EB0B01000833D1D /* SVRadialGradientLayer.h */ = {isa = PBXFileReference; fileEncoding = 4; lastKnownFileType = sourcecode.c.h; path = SVRadialGradientLayer.h; sourceTree = "<group>"; };
		D9A7BFCA1EB0B01000833D1D /* SVRadialGradientLayer.m */ = {isa = PBXFileReference; fileEncoding = 4; lastKnownFileType = sourcecode.c.objc; path = SVRadialGradientLayer.m; sourceTree = "<group>"; };
/* End PBXFileReference section */

/* Begin PBXFrameworksBuildPhase section */
		D9A7BE7A1EB032D800833D1D /* Frameworks */ = {
			isa = PBXFrameworksBuildPhase;
			buildActionMask = 2147483647;
			files = (
			);
			runOnlyForDeploymentPostprocessing = 0;
		};
		D9A7BE931EB032D800833D1D /* Frameworks */ = {
			isa = PBXFrameworksBuildPhase;
			buildActionMask = 2147483647;
			files = (
			);
			runOnlyForDeploymentPostprocessing = 0;
		};
		D9A7BE9E1EB032D800833D1D /* Frameworks */ = {
			isa = PBXFrameworksBuildPhase;
			buildActionMask = 2147483647;
			files = (
			);
			runOnlyForDeploymentPostprocessing = 0;
		};
/* End PBXFrameworksBuildPhase section */

/* Begin PBXGroup section */
		D9A7BE741EB032D800833D1D = {
			isa = PBXGroup;
			children = (
				D9A7BE7F1EB032D800833D1D /* TableViewNoContentView */,
				D9A7BE991EB032D800833D1D /* TableViewNoContentViewTests */,
				D9A7BEA41EB032D800833D1D /* TableViewNoContentViewUITests */,
				D9A7BE7E1EB032D800833D1D /* Products */,
			);
			sourceTree = "<group>";
		};
		D9A7BE7E1EB032D800833D1D /* Products */ = {
			isa = PBXGroup;
			children = (
				D9A7BE7D1EB032D800833D1D /* TableViewNoContentView.app */,
				D9A7BE961EB032D800833D1D /* TableViewNoContentViewTests.xctest */,
				D9A7BEA11EB032D800833D1D /* TableViewNoContentViewUITests.xctest */,
			);
			name = Products;
			sourceTree = "<group>";
		};
		D9A7BE7F1EB032D800833D1D /* TableViewNoContentView */ = {
			isa = PBXGroup;
			children = (
				D9A7BEB61EB0331A00833D1D /* 基类 */,
				D9A7BEBA1EB033AF00833D1D /* 常用代码库 */,
				D9A7BE831EB032D800833D1D /* AppDelegate.h */,
				D9A7BE841EB032D800833D1D /* AppDelegate.m */,
				D9A7BE861EB032D800833D1D /* ViewController.h */,
				D9A7BE871EB032D800833D1D /* ViewController.m */,
				D9A7BF2A1EB0366500833D1D /* MyTableView.h */,
				D9A7BF2B1EB0366500833D1D /* MyTableView.m */,
				D9A7BE891EB032D800833D1D /* Main.storyboard */,
				D9A7BE801EB032D800833D1D /* Supporting Files */,
				D9A7BE8C1EB032D800833D1D /* Assets.xcassets */,
				D9A7BE8E1EB032D800833D1D /* LaunchScreen.storyboard */,
				D9A7BE911EB032D800833D1D /* Info.plist */,
			);
			path = TableViewNoContentView;
			sourceTree = "<group>";
		};
		D9A7BE801EB032D800833D1D /* Supporting Files */ = {
			isa = PBXGroup;
			children = (
				D9A7BE811EB032D800833D1D /* main.m */,
			);
			name = "Supporting Files";
			sourceTree = "<group>";
		};
		D9A7BE991EB032D800833D1D /* TableViewNoContentViewTests */ = {
			isa = PBXGroup;
			children = (
				D9A7BE9A1EB032D800833D1D /* TableViewNoContentViewTests.m */,
				D9A7BE9C1EB032D800833D1D /* Info.plist */,
			);
			path = TableViewNoContentViewTests;
			sourceTree = "<group>";
		};
		D9A7BEA41EB032D800833D1D /* TableViewNoContentViewUITests */ = {
			isa = PBXGroup;
			children = (
				D9A7BEA51EB032D800833D1D /* TableViewNoContentViewUITests.m */,
				D9A7BEA71EB032D800833D1D /* Info.plist */,
			);
			path = TableViewNoContentViewUITests;
			sourceTree = "<group>";
		};
		D9A7BEB61EB0331A00833D1D /* 基类 */ = {
			isa = PBXGroup;
			children = (
				D9A7BEB31EB0331400833D1D /* BaseTableView.h */,
				D9A7BEB41EB0331400833D1D /* BaseTableView.m */,
				D9A7BEB71EB0336E00833D1D /* NoContentView.h */,
				D9A7BEB81EB0336E00833D1D /* NoContentView.m */,
			);
			name = "基类";
			sourceTree = "<group>";
		};
		D9A7BEBA1EB033AF00833D1D /* 常用代码库 */ = {
			isa = PBXGroup;
			children = (
				D9A7BFC01EB0B01000833D1D /* SVProgressHUD */,
				D9A7BEBB1EB033AF00833D1D /* Masonry */,
				D9A7BED81EB033AF00833D1D /* MJRefreshNew */,
				D9A7BF051EB033AF00833D1D /* UIColor+Util.h */,
				D9A7BF061EB033AF00833D1D /* UIColor+Util.m */,
				D9A7BF071EB033AF00833D1D /* UIView+frameAdjust.h */,
				D9A7BF081EB033AF00833D1D /* UIView+frameAdjust.m */,
			);
			path = "常用代码库";
			sourceTree = "<group>";
		};
		D9A7BEBB1EB033AF00833D1D /* Masonry */ = {
			isa = PBXGroup;
			children = (
				D9A7BEBC1EB033AF00833D1D /* LICENSE */,
				D9A7BEBD1EB033AF00833D1D /* Masonry */,
				D9A7BED71EB033AF00833D1D /* README.md */,
			);
			path = Masonry;
			sourceTree = "<group>";
		};
		D9A7BEBD1EB033AF00833D1D /* Masonry */ = {
			isa = PBXGroup;
			children = (
				D9A7BEBE1EB033AF00833D1D /* MASCompositeConstraint.h */,
				D9A7BEBF1EB033AF00833D1D /* MASCompositeConstraint.m */,
				D9A7BEC01EB033AF00833D1D /* MASConstraint+Private.h */,
				D9A7BEC11EB033AF00833D1D /* MASConstraint.h */,
				D9A7BEC21EB033AF00833D1D /* MASConstraint.m */,
				D9A7BEC31EB033AF00833D1D /* MASConstraintMaker.h */,
				D9A7BEC41EB033AF00833D1D /* MASConstraintMaker.m */,
				D9A7BEC51EB033AF00833D1D /* MASLayoutConstraint.h */,
				D9A7BEC61EB033AF00833D1D /* MASLayoutConstraint.m */,
				D9A7BEC71EB033AF00833D1D /* Masonry.h */,
				D9A7BEC81EB033AF00833D1D /* MASUtilities.h */,
				D9A7BEC91EB033AF00833D1D /* MASViewAttribute.h */,
				D9A7BECA1EB033AF00833D1D /* MASViewAttribute.m */,
				D9A7BECB1EB033AF00833D1D /* MASViewConstraint.h */,
				D9A7BECC1EB033AF00833D1D /* MASViewConstraint.m */,
				D9A7BECD1EB033AF00833D1D /* NSArray+MASAdditions.h */,
				D9A7BECE1EB033AF00833D1D /* NSArray+MASAdditions.m */,
				D9A7BECF1EB033AF00833D1D /* NSArray+MASShorthandAdditions.h */,
				D9A7BED01EB033AF00833D1D /* NSLayoutConstraint+MASDebugAdditions.h */,
				D9A7BED11EB033AF00833D1D /* NSLayoutConstraint+MASDebugAdditions.m */,
				D9A7BED21EB033AF00833D1D /* View+MASAdditions.h */,
				D9A7BED31EB033AF00833D1D /* View+MASAdditions.m */,
				D9A7BED41EB033AF00833D1D /* View+MASShorthandAdditions.h */,
				D9A7BED51EB033AF00833D1D /* ViewController+MASAdditions.h */,
				D9A7BED61EB033AF00833D1D /* ViewController+MASAdditions.m */,
			);
			path = Masonry;
			sourceTree = "<group>";
		};
		D9A7BED81EB033AF00833D1D /* MJRefreshNew */ = {
			isa = PBXGroup;
			children = (
				D9A7BED91EB033AF00833D1D /* Base */,
				D9A7BEE41EB033AF00833D1D /* Custom */,
				D9A7BEFB1EB033AF00833D1D /* MJRefresh.bundle */,
				D9A7BEFC1EB033AF00833D1D /* MJRefresh.h */,
				D9A7BEFD1EB033AF00833D1D /* MJRefreshConst.h */,
				D9A7BEFE1EB033AF00833D1D /* MJRefreshConst.m */,
				D9A7BEFF1EB033AF00833D1D /* UIScrollView+MJExtension.h */,
				D9A7BF001EB033AF00833D1D /* UIScrollView+MJExtension.m */,
				D9A7BF011EB033AF00833D1D /* UIScrollView+MJRefresh.h */,
				D9A7BF021EB033AF00833D1D /* UIScrollView+MJRefresh.m */,
				D9A7BF031EB033AF00833D1D /* UIView+MJExtension.h */,
				D9A7BF041EB033AF00833D1D /* UIView+MJExtension.m */,
			);
			path = MJRefreshNew;
			sourceTree = "<group>";
		};
		D9A7BED91EB033AF00833D1D /* Base */ = {
			isa = PBXGroup;
			children = (
				D9A7BEDA1EB033AF00833D1D /* MJRefreshAutoFooter.h */,
				D9A7BEDB1EB033AF00833D1D /* MJRefreshAutoFooter.m */,
				D9A7BEDC1EB033AF00833D1D /* MJRefreshBackFooter.h */,
				D9A7BEDD1EB033AF00833D1D /* MJRefreshBackFooter.m */,
				D9A7BEDE1EB033AF00833D1D /* MJRefreshComponent.h */,
				D9A7BEDF1EB033AF00833D1D /* MJRefreshComponent.m */,
				D9A7BEE01EB033AF00833D1D /* MJRefreshFooter.h */,
				D9A7BEE11EB033AF00833D1D /* MJRefreshFooter.m */,
				D9A7BEE21EB033AF00833D1D /* MJRefreshHeader.h */,
				D9A7BEE31EB033AF00833D1D /* MJRefreshHeader.m */,
			);
			path = Base;
			sourceTree = "<group>";
		};
		D9A7BEE41EB033AF00833D1D /* Custom */ = {
			isa = PBXGroup;
			children = (
				D9A7BEE51EB033AF00833D1D /* Footer */,
				D9A7BEF41EB033AF00833D1D /* Header */,
			);
			path = Custom;
			sourceTree = "<group>";
		};
		D9A7BEE51EB033AF00833D1D /* Footer */ = {
			isa = PBXGroup;
			children = (
				D9A7BEE61EB033AF00833D1D /* Auto */,
				D9A7BEED1EB033AF00833D1D /* Back */,
			);
			path = Footer;
			sourceTree = "<group>";
		};
		D9A7BEE61EB033AF00833D1D /* Auto */ = {
			isa = PBXGroup;
			children = (
				D9A7BEE71EB033AF00833D1D /* MJRefreshAutoGifFooter.h */,
				D9A7BEE81EB033AF00833D1D /* MJRefreshAutoGifFooter.m */,
				D9A7BEE91EB033AF00833D1D /* MJRefreshAutoNormalFooter.h */,
				D9A7BEEA1EB033AF00833D1D /* MJRefreshAutoNormalFooter.m */,
				D9A7BEEB1EB033AF00833D1D /* MJRefreshAutoStateFooter.h */,
				D9A7BEEC1EB033AF00833D1D /* MJRefreshAutoStateFooter.m */,
			);
			path = Auto;
			sourceTree = "<group>";
		};
		D9A7BEED1EB033AF00833D1D /* Back */ = {
			isa = PBXGroup;
			children = (
				D9A7BEEE1EB033AF00833D1D /* MJRefreshBackGifFooter.h */,
				D9A7BEEF1EB033AF00833D1D /* MJRefreshBackGifFooter.m */,
				D9A7BEF01EB033AF00833D1D /* MJRefreshBackNormalFooter.h */,
				D9A7BEF11EB033AF00833D1D /* MJRefreshBackNormalFooter.m */,
				D9A7BEF21EB033AF00833D1D /* MJRefreshBackStateFooter.h */,
				D9A7BEF31EB033AF00833D1D /* MJRefreshBackStateFooter.m */,
			);
			path = Back;
			sourceTree = "<group>";
		};
		D9A7BEF41EB033AF00833D1D /* Header */ = {
			isa = PBXGroup;
			children = (
				D9A7BEF51EB033AF00833D1D /* MJRefreshGifHeader.h */,
				D9A7BEF61EB033AF00833D1D /* MJRefreshGifHeader.m */,
				D9A7BEF71EB033AF00833D1D /* MJRefreshNormalHeader.h */,
				D9A7BEF81EB033AF00833D1D /* MJRefreshNormalHeader.m */,
				D9A7BEF91EB033AF00833D1D /* MJRefreshStateHeader.h */,
				D9A7BEFA1EB033AF00833D1D /* MJRefreshStateHeader.m */,
			);
			path = Header;
			sourceTree = "<group>";
		};
		D9A7BFC01EB0B01000833D1D /* SVProgressHUD */ = {
			isa = PBXGroup;
			children = (
				D9A7BFC11EB0B01000833D1D /* SVIndefiniteAnimatedView.h */,
				D9A7BFC21EB0B01000833D1D /* SVIndefiniteAnimatedView.m */,
				D9A7BFC31EB0B01000833D1D /* SVProgressAnimatedView.h */,
				D9A7BFC41EB0B01000833D1D /* SVProgressAnimatedView.m */,
				D9A7BFC51EB0B01000833D1D /* SVProgressHUD-Prefix.pch */,
				D9A7BFC61EB0B01000833D1D /* SVProgressHUD.bundle */,
				D9A7BFC71EB0B01000833D1D /* SVProgressHUD.h */,
				D9A7BFC81EB0B01000833D1D /* SVProgressHUD.m */,
				D9A7BFC91EB0B01000833D1D /* SVRadialGradientLayer.h */,
				D9A7BFCA1EB0B01000833D1D /* SVRadialGradientLayer.m */,
			);
			path = SVProgressHUD;
			sourceTree = "<group>";
		};
/* End PBXGroup section */

/* Begin PBXNativeTarget section */
		D9A7BE7C1EB032D800833D1D /* TableViewNoContentView */ = {
			isa = PBXNativeTarget;
			buildConfigurationList = D9A7BEAA1EB032D800833D1D /* Build configuration list for PBXNativeTarget "TableViewNoContentView" */;
			buildPhases = (
				D9A7BE791EB032D800833D1D /* Sources */,
				D9A7BE7A1EB032D800833D1D /* Frameworks */,
				D9A7BE7B1EB032D800833D1D /* Resources */,
			);
			buildRules = (
			);
			dependencies = (
			);
			name = TableViewNoContentView;
			productName = TableViewNoContentView;
			productReference = D9A7BE7D1EB032D800833D1D /* TableViewNoContentView.app */;
			productType = "com.apple.product-type.application";
		};
		D9A7BE951EB032D800833D1D /* TableViewNoContentViewTests */ = {
			isa = PBXNativeTarget;
			buildConfigurationList = D9A7BEAD1EB032D800833D1D /* Build configuration list for PBXNativeTarget "TableViewNoContentViewTests" */;
			buildPhases = (
				D9A7BE921EB032D800833D1D /* Sources */,
				D9A7BE931EB032D800833D1D /* Frameworks */,
				D9A7BE941EB032D800833D1D /* Resources */,
			);
			buildRules = (
			);
			dependencies = (
				D9A7BE981EB032D800833D1D /* PBXTargetDependency */,
			);
			name = TableViewNoContentViewTests;
			productName = TableViewNoContentViewTests;
			productReference = D9A7BE961EB032D800833D1D /* TableViewNoContentViewTests.xctest */;
			productType = "com.apple.product-type.bundle.unit-test";
		};
		D9A7BEA01EB032D800833D1D /* TableViewNoContentViewUITests */ = {
			isa = PBXNativeTarget;
			buildConfigurationList = D9A7BEB01EB032D800833D1D /* Build configuration list for PBXNativeTarget "TableViewNoContentViewUITests" */;
			buildPhases = (
				D9A7BE9D1EB032D800833D1D /* Sources */,
				D9A7BE9E1EB032D800833D1D /* Frameworks */,
				D9A7BE9F1EB032D800833D1D /* Resources */,
			);
			buildRules = (
			);
			dependencies = (
				D9A7BEA31EB032D800833D1D /* PBXTargetDependency */,
			);
			name = TableViewNoContentViewUITests;
			productName = TableViewNoContentViewUITests;
			productReference = D9A7BEA11EB032D800833D1D /* TableViewNoContentViewUITests.xctest */;
			productType = "com.apple.product-type.bundle.ui-testing";
		};
/* End PBXNativeTarget section */

/* Begin PBXProject section */
		D9A7BE751EB032D800833D1D /* Project object */ = {
			isa = PBXProject;
			attributes = {
				LastUpgradeCheck = 0820;
				ORGANIZATIONNAME = kuaijiankang;
				TargetAttributes = {
					D9A7BE7C1EB032D800833D1D = {
						CreatedOnToolsVersion = 8.2;
						DevelopmentTeam = YUSZJ893SU;
						ProvisioningStyle = Automatic;
					};
					D9A7BE951EB032D800833D1D = {
						CreatedOnToolsVersion = 8.2;
						DevelopmentTeam = YUSZJ893SU;
						ProvisioningStyle = Automatic;
						TestTargetID = D9A7BE7C1EB032D800833D1D;
					};
					D9A7BEA01EB032D800833D1D = {
						CreatedOnToolsVersion = 8.2;
						DevelopmentTeam = YUSZJ893SU;
						ProvisioningStyle = Automatic;
						TestTargetID = D9A7BE7C1EB032D800833D1D;
					};
				};
			};
			buildConfigurationList = D9A7BE781EB032D800833D1D /* Build configuration list for PBXProject "TableViewNoContentView" */;
			compatibilityVersion = "Xcode 3.2";
			developmentRegion = English;
			hasScannedForEncodings = 0;
			knownRegions = (
				en,
				Base,
			);
			mainGroup = D9A7BE741EB032D800833D1D;
			productRefGroup = D9A7BE7E1EB032D800833D1D /* Products */;
			projectDirPath = "";
			projectRoot = "";
			targets = (
				D9A7BE7C1EB032D800833D1D /* TableViewNoContentView */,
				D9A7BE951EB032D800833D1D /* TableViewNoContentViewTests */,
				D9A7BEA01EB032D800833D1D /* TableViewNoContentViewUITests */,
			);
		};
/* End PBXProject section */

/* Begin PBXResourcesBuildPhase section */
		D9A7BE7B1EB032D800833D1D /* Resources */ = {
			isa = PBXResourcesBuildPhase;
			buildActionMask = 2147483647;
			files = (
				D9A7BE901EB032D800833D1D /* LaunchScreen.storyboard in Resources */,
				D9A7BFCD1EB0B01000833D1D /* SVProgressHUD.bundle in Resources */,
				D9A7BE8D1EB032D800833D1D /* Assets.xcassets in Resources */,
				D9A7BF091EB033AF00833D1D /* LICENSE in Resources */,
				D9A7BF231EB033AF00833D1D /* MJRefresh.bundle in Resources */,
				D9A7BE8B1EB032D800833D1D /* Main.storyboard in Resources */,
			);
			runOnlyForDeploymentPostprocessing = 0;
		};
		D9A7BE941EB032D800833D1D /* Resources */ = {
			isa = PBXResourcesBuildPhase;
			buildActionMask = 2147483647;
			files = (
			);
			runOnlyForDeploymentPostprocessing = 0;
		};
		D9A7BE9F1EB032D800833D1D /* Resources */ = {
			isa = PBXResourcesBuildPhase;
			buildActionMask = 2147483647;
			files = (
			);
			runOnlyForDeploymentPostprocessing = 0;
		};
/* End PBXResourcesBuildPhase section */

/* Begin PBXSourcesBuildPhase section */
		D9A7BE791EB032D800833D1D /* Sources */ = {
			isa = PBXSourcesBuildPhase;
			buildActionMask = 2147483647;
			files = (
				D9A7BF111EB033AF00833D1D /* NSLayoutConstraint+MASDebugAdditions.m in Sources */,
				D9A7BF291EB033AF00833D1D /* UIView+frameAdjust.m in Sources */,
				D9A7BF1A1EB033AF00833D1D /* MJRefreshAutoGifFooter.m in Sources */,
				D9A7BEB51EB0331400833D1D /* BaseTableView.m in Sources */,
				D9A7BF1D1EB033AF00833D1D /* MJRefreshBackGifFooter.m in Sources */,
				D9A7BF0F1EB033AF00833D1D /* MASViewConstraint.m in Sources */,
				D9A7BF2C1EB0366500833D1D /* MyTableView.m in Sources */,
				D9A7BE881EB032D800833D1D /* ViewController.m in Sources */,
				D9A7BE851EB032D800833D1D /* AppDelegate.m in Sources */,
				D9A7BF171EB033AF00833D1D /* MJRefreshComponent.m in Sources */,
				D9A7BF211EB033AF00833D1D /* MJRefreshNormalHeader.m in Sources */,
				D9A7BE821EB032D800833D1D /* main.m in Sources */,
				D9A7BF161EB033AF00833D1D /* MJRefreshBackFooter.m in Sources */,
				D9A7BF141EB033AF00833D1D /* README.md in Sources */,
				D9A7BF1E1EB033AF00833D1D /* MJRefreshBackNormalFooter.m in Sources */,
				D9A7BF271EB033AF00833D1D /* UIView+MJExtension.m in Sources */,
				D9A7BF181EB033AF00833D1D /* MJRefreshFooter.m in Sources */,
				D9A7BFCE1EB0B01000833D1D /* SVProgressHUD.m in Sources */,
				D9A7BF191EB033AF00833D1D /* MJRefreshHeader.m in Sources */,
				D9A7BF121EB033AF00833D1D /* View+MASAdditions.m in Sources */,
				D9A7BF1B1EB033AF00833D1D /* MJRefreshAutoNormalFooter.m in Sources */,
				D9A7BF0A1EB033AF00833D1D /* MASCompositeConstraint.m in Sources */,
				D9A7BFCB1EB0B01000833D1D /* SVIndefiniteAnimatedView.m in Sources */,
				D9A7BF0E1EB033AF00833D1D /* MASViewAttribute.m in Sources */,
				D9A7BF241EB033AF00833D1D /* MJRefreshConst.m in Sources */,
				D9A7BF0C1EB033AF00833D1D /* MASConstraintMaker.m in Sources */,
				D9A7BF101EB033AF00833D1D /* NSArray+MASAdditions.m in Sources */,
				D9A7BF131EB033AF00833D1D /* ViewController+MASAdditions.m in Sources */,
				D9A7BF281EB033AF00833D1D /* UIColor+Util.m in Sources */,
				D9A7BF261EB033AF00833D1D /* UIScrollView+MJRefresh.m in Sources */,
				D9A7BF0B1EB033AF00833D1D /* MASConstraint.m in Sources */,
				D9A7BF1C1EB033AF00833D1D /* MJRefreshAutoStateFooter.m in Sources */,
				D9A7BF0D1EB033AF00833D1D /* MASLayoutConstraint.m in Sources */,
				D9A7BFCC1EB0B01000833D1D /* SVProgressAnimatedView.m in Sources */,
				D9A7BF221EB033AF00833D1D /* MJRefreshStateHeader.m in Sources */,
				D9A7BF201EB033AF00833D1D /* MJRefreshGifHeader.m in Sources */,
				D9A7BF251EB033AF00833D1D /* UIScrollView+MJExtension.m in Sources */,
				D9A7BEB91EB0336E00833D1D /* NoContentView.m in Sources */,
				D9A7BF151EB033AF00833D1D /* MJRefreshAutoFooter.m in Sources */,
				D9A7BFCF1EB0B01000833D1D /* SVRadialGradientLayer.m in Sources */,
				D9A7BF1F1EB033AF00833D1D /* MJRefreshBackStateFooter.m in Sources */,
			);
			runOnlyForDeploymentPostprocessing = 0;
		};
		D9A7BE921EB032D800833D1D /* Sources */ = {
			isa = PBXSourcesBuildPhase;
			buildActionMask = 2147483647;
			files = (
				D9A7BE9B1EB032D800833D1D /* TableViewNoContentViewTests.m in Sources */,
			);
			runOnlyForDeploymentPostprocessing = 0;
		};
		D9A7BE9D1EB032D800833D1D /* Sources */ = {
			isa = PBXSourcesBuildPhase;
			buildActionMask = 2147483647;
			files = (
				D9A7BEA61EB032D800833D1D /* TableViewNoContentViewUITests.m in Sources */,
			);
			runOnlyForDeploymentPostprocessing = 0;
		};
/* End PBXSourcesBuildPhase section */

/* Begin PBXTargetDependency section */
		D9A7BE981EB032D800833D1D /* PBXTargetDependency */ = {
			isa = PBXTargetDependency;
			target = D9A7BE7C1EB032D800833D1D /* TableViewNoContentView */;
			targetProxy = D9A7BE971EB032D800833D1D /* PBXContainerItemProxy */;
		};
		D9A7BEA31EB032D800833D1D /* PBXTargetDependency */ = {
			isa = PBXTargetDependency;
			target = D9A7BE7C1EB032D800833D1D /* TableViewNoContentView */;
			targetProxy = D9A7BEA21EB032D800833D1D /* PBXContainerItemProxy */;
		};
/* End PBXTargetDependency section */

/* Begin PBXVariantGroup section */
		D9A7BE891EB032D800833D1D /* Main.storyboard */ = {
			isa = PBXVariantGroup;
			children = (
				D9A7BE8A1EB032D800833D1D /* Base */,
			);
			name = Main.storyboard;
			sourceTree = "<group>";
		};
		D9A7BE8E1EB032D800833D1D /* LaunchScreen.storyboard */ = {
			isa = PBXVariantGroup;
			children = (
				D9A7BE8F1EB032D800833D1D /* Base */,
			);
			name = LaunchScreen.storyboard;
			sourceTree = "<group>";
		};
/* End PBXVariantGroup section */

/* Begin XCBuildConfiguration section */
		D9A7BEA81EB032D800833D1D /* Debug */ = {
			isa = XCBuildConfiguration;
			buildSettings = {
				ALWAYS_SEARCH_USER_PATHS = NO;
				CLANG_ANALYZER_NONNULL = YES;
				CLANG_CXX_LANGUAGE_STANDARD = "gnu++0x";
				CLANG_CXX_LIBRARY = "libc++";
				CLANG_ENABLE_MODULES = YES;
				CLANG_ENABLE_OBJC_ARC = YES;
				CLANG_WARN_BOOL_CONVERSION = YES;
				CLANG_WARN_CONSTANT_CONVERSION = YES;
				CLANG_WARN_DIRECT_OBJC_ISA_USAGE = YES_ERROR;
				CLANG_WARN_DOCUMENTATION_COMMENTS = YES;
				CLANG_WARN_EMPTY_BODY = YES;
				CLANG_WARN_ENUM_CONVERSION = YES;
				CLANG_WARN_INFINITE_RECURSION = YES;
				CLANG_WARN_INT_CONVERSION = YES;
				CLANG_WARN_OBJC_ROOT_CLASS = YES_ERROR;
				CLANG_WARN_SUSPICIOUS_MOVE = YES;
				CLANG_WARN_UNREACHABLE_CODE = YES;
				CLANG_WARN__DUPLICATE_METHOD_MATCH = YES;
				"CODE_SIGN_IDENTITY[sdk=iphoneos*]" = "iPhone Developer";
				COPY_PHASE_STRIP = NO;
				DEBUG_INFORMATION_FORMAT = dwarf;
				ENABLE_STRICT_OBJC_MSGSEND = YES;
				ENABLE_TESTABILITY = YES;
				GCC_C_LANGUAGE_STANDARD = gnu99;
				GCC_DYNAMIC_NO_PIC = NO;
				GCC_NO_COMMON_BLOCKS = YES;
				GCC_OPTIMIZATION_LEVEL = 0;
				GCC_PREPROCESSOR_DEFINITIONS = (
					"DEBUG=1",
					"$(inherited)",
				);
				GCC_WARN_64_TO_32_BIT_CONVERSION = YES;
				GCC_WARN_ABOUT_RETURN_TYPE = YES_ERROR;
				GCC_WARN_UNDECLARED_SELECTOR = YES;
				GCC_WARN_UNINITIALIZED_AUTOS = YES_AGGRESSIVE;
				GCC_WARN_UNUSED_FUNCTION = YES;
				GCC_WARN_UNUSED_VARIABLE = YES;
				IPHONEOS_DEPLOYMENT_TARGET = 10.2;
				MTL_ENABLE_DEBUG_INFO = YES;
				ONLY_ACTIVE_ARCH = YES;
				SDKROOT = iphoneos;
				TARGETED_DEVICE_FAMILY = "1,2";
			};
			name = Debug;
		};
		D9A7BEA91EB032D800833D1D /* Release */ = {
			isa = XCBuildConfiguration;
			buildSettings = {
				ALWAYS_SEARCH_USER_PATHS = NO;
				CLANG_ANALYZER_NONNULL = YES;
				CLANG_CXX_LANGUAGE_STANDARD = "gnu++0x";
				CLANG_CXX_LIBRARY = "libc++";
				CLANG_ENABLE_MODULES = YES;
				CLANG_ENABLE_OBJC_ARC = YES;
				CLANG_WARN_BOOL_CONVERSION = YES;
				CLANG_WARN_CONSTANT_CONVERSION = YES;
				CLANG_WARN_DIRECT_OBJC_ISA_USAGE = YES_ERROR;
				CLANG_WARN_DOCUMENTATION_COMMENTS = YES;
				CLANG_WARN_EMPTY_BODY = YES;
				CLANG_WARN_ENUM_CONVERSION = YES;
				CLANG_WARN_INFINITE_RECURSION = YES;
				CLANG_WARN_INT_CONVERSION = YES;
				CLANG_WARN_OBJC_ROOT_CLASS = YES_ERROR;
				CLANG_WARN_SUSPICIOUS_MOVE = YES;
				CLANG_WARN_UNREACHABLE_CODE = YES;
				CLANG_WARN__DUPLICATE_METHOD_MATCH = YES;
				"CODE_SIGN_IDENTITY[sdk=iphoneos*]" = "iPhone Developer";
				COPY_PHASE_STRIP = NO;
				DEBUG_INFORMATION_FORMAT = "dwarf-with-dsym";
				ENABLE_NS_ASSERTIONS = NO;
				ENABLE_STRICT_OBJC_MSGSEND = YES;
				GCC_C_LANGUAGE_STANDARD = gnu99;
				GCC_NO_COMMON_BLOCKS = YES;
				GCC_WARN_64_TO_32_BIT_CONVERSION = YES;
				GCC_WARN_ABOUT_RETURN_TYPE = YES_ERROR;
				GCC_WARN_UNDECLARED_SELECTOR = YES;
				GCC_WARN_UNINITIALIZED_AUTOS = YES_AGGRESSIVE;
				GCC_WARN_UNUSED_FUNCTION = YES;
				GCC_WARN_UNUSED_VARIABLE = YES;
				IPHONEOS_DEPLOYMENT_TARGET = 10.2;
				MTL_ENABLE_DEBUG_INFO = NO;
				SDKROOT = iphoneos;
				TARGETED_DEVICE_FAMILY = "1,2";
				VALIDATE_PRODUCT = YES;
			};
			name = Release;
		};
		D9A7BEAB1EB032D800833D1D /* Debug */ = {
			isa = XCBuildConfiguration;
			buildSettings = {
				ASSETCATALOG_COMPILER_APPICON_NAME = AppIcon;
				DEVELOPMENT_TEAM = YUSZJ893SU;
				INFOPLIST_FILE = TableViewNoContentView/Info.plist;
				LD_RUNPATH_SEARCH_PATHS = "$(inherited) @executable_path/Frameworks";
				PRODUCT_BUNDLE_IDENTIFIER = KuaiJianKang.TableViewNoContentView;
				PRODUCT_NAME = "$(TARGET_NAME)";
			};
			name = Debug;
		};
		D9A7BEAC1EB032D800833D1D /* Release */ = {
			isa = XCBuildConfiguration;
			buildSettings = {
				ASSETCATALOG_COMPILER_APPICON_NAME = AppIcon;
				DEVELOPMENT_TEAM = YUSZJ893SU;
				INFOPLIST_FILE = TableViewNoContentView/Info.plist;
				LD_RUNPATH_SEARCH_PATHS = "$(inherited) @executable_path/Frameworks";
				PRODUCT_BUNDLE_IDENTIFIER = KuaiJianKang.TableViewNoContentView;
				PRODUCT_NAME = "$(TARGET_NAME)";
			};
			name = Release;
		};
		D9A7BEAE1EB032D800833D1D /* Debug */ = {
			isa = XCBuildConfiguration;
			buildSettings = {
				BUNDLE_LOADER = "$(TEST_HOST)";
				DEVELOPMENT_TEAM = YUSZJ893SU;
				INFOPLIST_FILE = TableViewNoContentViewTests/Info.plist;
				LD_RUNPATH_SEARCH_PATHS = "$(inherited) @executable_path/Frameworks @loader_path/Frameworks";
				PRODUCT_BUNDLE_IDENTIFIER = KuaiJianKang.TableViewNoContentViewTests;
				PRODUCT_NAME = "$(TARGET_NAME)";
				TEST_HOST = "$(BUILT_PRODUCTS_DIR)/TableViewNoContentView.app/TableViewNoContentView";
			};
			name = Debug;
		};
		D9A7BEAF1EB032D800833D1D /* Release */ = {
			isa = XCBuildConfiguration;
			buildSettings = {
				BUNDLE_LOADER = "$(TEST_HOST)";
				DEVELOPMENT_TEAM = YUSZJ893SU;
				INFOPLIST_FILE = TableViewNoContentViewTests/Info.plist;
				LD_RUNPATH_SEARCH_PATHS = "$(inherited) @executable_path/Frameworks @loader_path/Frameworks";
				PRODUCT_BUNDLE_IDENTIFIER = KuaiJianKang.TableViewNoContentViewTests;
				PRODUCT_NAME = "$(TARGET_NAME)";
				TEST_HOST = "$(BUILT_PRODUCTS_DIR)/TableViewNoContentView.app/TableViewNoContentView";
			};
			name = Release;
		};
		D9A7BEB11EB032D800833D1D /* Debug */ = {
			isa = XCBuildConfiguration;
			buildSettings = {
				DEVELOPMENT_TEAM = YUSZJ893SU;
				INFOPLIST_FILE = TableViewNoContentViewUITests/Info.plist;
				LD_RUNPATH_SEARCH_PATHS = "$(inherited) @executable_path/Frameworks @loader_path/Frameworks";
				PRODUCT_BUNDLE_IDENTIFIER = KuaiJianKang.TableViewNoContentViewUITests;
				PRODUCT_NAME = "$(TARGET_NAME)";
				TEST_TARGET_NAME = TableViewNoContentView;
			};
			name = Debug;
		};
		D9A7BEB21EB032D800833D1D /* Release */ = {
			isa = XCBuildConfiguration;
			buildSettings = {
				DEVELOPMENT_TEAM = YUSZJ893SU;
				INFOPLIST_FILE = TableViewNoContentViewUITests/Info.plist;
				LD_RUNPATH_SEARCH_PATHS = "$(inherited) @executable_path/Frameworks @loader_path/Frameworks";
				PRODUCT_BUNDLE_IDENTIFIER = KuaiJianKang.TableViewNoContentViewUITests;
				PRODUCT_NAME = "$(TARGET_NAME)";
				TEST_TARGET_NAME = TableViewNoContentView;
			};
			name = Release;
		};
/* End XCBuildConfiguration section */

/* Begin XCConfigurationList section */
		D9A7BE781EB032D800833D1D /* Build configuration list for PBXProject "TableViewNoContentView" */ = {
			isa = XCConfigurationList;
			buildConfigurations = (
				D9A7BEA81EB032D800833D1D /* Debug */,
				D9A7BEA91EB032D800833D1D /* Release */,
			);
			defaultConfigurationIsVisible = 0;
			defaultConfigurationName = Release;
		};
		D9A7BEAA1EB032D800833D1D /* Build configuration list for PBXNativeTarget "TableViewNoContentView" */ = {
			isa = XCConfigurationList;
			buildConfigurations = (
				D9A7BEAB1EB032D800833D1D /* Debug */,
				D9A7BEAC1EB032D800833D1D /* Release */,
			);
			defaultConfigurationIsVisible = 0;
			defaultConfigurationName = Release;
		};
		D9A7BEAD1EB032D800833D1D /* Build configuration list for PBXNativeTarget "TableViewNoContentViewTests" */ = {
			isa = XCConfigurationList;
			buildConfigurations = (
				D9A7BEAE1EB032D800833D1D /* Debug */,
				D9A7BEAF1EB032D800833D1D /* Release */,
			);
			defaultConfigurationIsVisible = 0;
			defaultConfigurationName = Release;
		};
		D9A7BEB01EB032D800833D1D /* Build configuration list for PBXNativeTarget "TableViewNoContentViewUITests" */ = {
			isa = XCConfigurationList;
			buildConfigurations = (
				D9A7BEB11EB032D800833D1D /* Debug */,
				D9A7BEB21EB032D800833D1D /* Release */,
			);
			defaultConfigurationIsVisible = 0;
			defaultConfigurationName = Release;
		};
/* End XCConfigurationList section */
	};
	rootObject = D9A7BE751EB032D800833D1D /* Project object */;
}
